
Microsoft Visual Studio Solution File, Format Version 12.00
# Visual Studio Version 17
VisualStudioVersion = 17.2.32526.322
MinimumVisualStudioVersion = 10.0.40219.1
Project("{FAE04EC0-301F-11D3-BF4B-00C04F79EFBC}") = "GeocachingExercise", "GeocachingExercise\GeocachingExercise.csproj", "{3485F061-DB63-4ADE-AEDD-7B842814DBF1}"
EndProject
Project("{FAE04EC0-301F-11D3-BF4B-00C04F79EFBC}") = "GeocachingExercise.Tests", "GeocachingExercise.Tests\GeocachingExercise.Tests.csproj", "{6CDC512B-E1D0-450F-8EB1-94EA6A083AC9}"
EndProject
Global
	GlobalSection(SolutionConfigurationPlatforms) = preSolution
		Debug|Any CPU = Debug|Any CPU
		Release|Any CPU = Release|Any CPU
	EndGlobalSection
	GlobalSection(ProjectConfigurationPlatforms) = postSolution
		{3485F061-DB63-4ADE-AEDD-7B842814DBF1}.Debug|Any CPU.ActiveCfg = Debug|Any CPU
		{3485F061-DB63-4ADE-AEDD-7B842814DBF1}.Debug|Any CPU.Build.0 = Debug|Any CPU
		{3485F061-DB63-4ADE-AEDD-7B842814DBF1}.Release|Any CPU.ActiveCfg = Release|Any CPU
		{3485F061-DB63-4ADE-AEDD-7B842814DBF1}.Release|Any CPU.Build.0 = Release|Any CPU
		{6CDC512B-E1D0-450F-8EB1-94EA6A083AC9}.Debug|Any CPU.ActiveCfg = Debug|Any CPU
		{6CDC512B-E1D0-450F-8EB1-94EA6A083AC9}.Debug|Any CPU.Build.0 = Debug|Any CPU
		{6CDC512B-E1D0-450F-8EB1-94EA6A083AC9}.Release|Any CPU.ActiveCfg = Release|Any CPU
		{6CDC512B-E1D0-450F-8EB1-94EA6A083AC9}.Release|Any CPU.Build.0 = Release|Any CPU
	EndGlobalSection
	GlobalSection(SolutionProperties) = preSolution
		HideSolutionNode = FALSE
	EndGlobalSection
	GlobalSection(ExtensibilityGlobals) = postSolution
		SolutionGuid = {F9D25D60-6E8D-4A98-BD74-DA8ED0DFCDFB}
	EndGlobalSection
EndGlobal
